[root]
name = "ctrs"
version = "0.1.0"
dependencies = [
 "ctrs-rt 0.1.0",
]

[[package]]
name = "ctrs-rt"
version = "0.1.0"
dependencies = [
 "semver 0.1.20 (registry+https://github.com/rust-lang/crates.io-index)",
]

[[package]]
name = "semver"
version = "0.1.20"
source = "registry+https://github.com/rust-lang/crates.io-index"

